
Microsoft Visual Studio Solution File, Format Version 12.00
# Visual Studio 15
VisualStudioVersion = 15.0.28307.539
MinimumVisualStudioVersion = 10.0.40219.1
Project("{FAE04EC0-301F-11D3-BF4B-00C04F79EFBC}") = "Lec56_LandmarkAI", "Lec56_LandmarkAI\Lec56_LandmarkAI.csproj", "{6B254DCE-90BB-4242-AF19-448C28148F2B}"
EndProject
Global
	GlobalSection(SolutionConfigurationPlatforms) = preSolution
		Debug|Any CPU = Debug|Any CPU
		Release|Any CPU = Release|Any CPU
	EndGlobalSection
	GlobalSection(ProjectConfigurationPlatforms) = postSolution
		{6B254DCE-90BB-4242-AF19-448C28148F2B}.Debug|Any CPU.ActiveCfg = Debug|Any CPU
		{6B254DCE-90BB-4242-AF19-448C28148F2B}.Debug|Any CPU.Build.0 = Debug|Any CPU
		{6B254DCE-90BB-4242-AF19-448C28148F2B}.Release|Any CPU.ActiveCfg = Release|Any CPU
		{6B254DCE-90BB-4242-AF19-448C28148F2B}.Release|Any CPU.Build.0 = Release|Any CPU
	EndGlobalSection
	GlobalSection(SolutionProperties) = preSolution
		HideSolutionNode = FALSE
	EndGlobalSection
	GlobalSection(ExtensibilityGlobals) = postSolution
		SolutionGuid = {03A43AA0-C1FC-4524-95C5-DD90C0217839}
	EndGlobalSection
EndGlobal
