
Microsoft Visual Studio Solution File, Format Version 12.00
# Visual Studio 15
VisualStudioVersion = 15.0.28307.572
MinimumVisualStudioVersion = 10.0.40219.1
Project("{FAE04EC0-301F-11D3-BF4B-00C04F79EFBC}") = "Lec90_NotesApp", "Lec90_NotesApp\Lec90_NotesApp.csproj", "{F7D2A947-976A-4C5C-AFB0-65F5E7A58F06}"
EndProject
Project("{C7167F0D-BC9F-4E6E-AFE1-012C56B48DB5}") = "NotesApp_Packging", "NotesApp_Packging\NotesApp_Packging.wapproj", "{98399D52-E82C-4037-B50E-EB6DD0F6F356}"
EndProject
Global
	GlobalSection(SolutionConfigurationPlatforms) = preSolution
		Debug|Any CPU = Debug|Any CPU
		Debug|x64 = Debug|x64
		Debug|x86 = Debug|x86
		Release|Any CPU = Release|Any CPU
		Release|x64 = Release|x64
		Release|x86 = Release|x86
	EndGlobalSection
	GlobalSection(ProjectConfigurationPlatforms) = postSolution
		{F7D2A947-976A-4C5C-AFB0-65F5E7A58F06}.Debug|Any CPU.ActiveCfg = Debug|Any CPU
		{F7D2A947-976A-4C5C-AFB0-65F5E7A58F06}.Debug|Any CPU.Build.0 = Debug|Any CPU
		{F7D2A947-976A-4C5C-AFB0-65F5E7A58F06}.Debug|x64.ActiveCfg = Debug|Any CPU
		{F7D2A947-976A-4C5C-AFB0-65F5E7A58F06}.Debug|x64.Build.0 = Debug|Any CPU
		{F7D2A947-976A-4C5C-AFB0-65F5E7A58F06}.Debug|x86.ActiveCfg = Debug|Any CPU
		{F7D2A947-976A-4C5C-AFB0-65F5E7A58F06}.Debug|x86.Build.0 = Debug|Any CPU
		{F7D2A947-976A-4C5C-AFB0-65F5E7A58F06}.Release|Any CPU.ActiveCfg = Release|Any CPU
		{F7D2A947-976A-4C5C-AFB0-65F5E7A58F06}.Release|Any CPU.Build.0 = Release|Any CPU
		{F7D2A947-976A-4C5C-AFB0-65F5E7A58F06}.Release|x64.ActiveCfg = Release|Any CPU
		{F7D2A947-976A-4C5C-AFB0-65F5E7A58F06}.Release|x64.Build.0 = Release|Any CPU
		{F7D2A947-976A-4C5C-AFB0-65F5E7A58F06}.Release|x86.ActiveCfg = Release|Any CPU
		{F7D2A947-976A-4C5C-AFB0-65F5E7A58F06}.Release|x86.Build.0 = Release|Any CPU
		{98399D52-E82C-4037-B50E-EB6DD0F6F356}.Debug|Any CPU.ActiveCfg = Debug|Any CPU
		{98399D52-E82C-4037-B50E-EB6DD0F6F356}.Debug|Any CPU.Build.0 = Debug|Any CPU
		{98399D52-E82C-4037-B50E-EB6DD0F6F356}.Debug|Any CPU.Deploy.0 = Debug|Any CPU
		{98399D52-E82C-4037-B50E-EB6DD0F6F356}.Debug|x64.ActiveCfg = Debug|x64
		{98399D52-E82C-4037-B50E-EB6DD0F6F356}.Debug|x64.Build.0 = Debug|x64
		{98399D52-E82C-4037-B50E-EB6DD0F6F356}.Debug|x64.Deploy.0 = Debug|x64
		{98399D52-E82C-4037-B50E-EB6DD0F6F356}.Debug|x86.ActiveCfg = Debug|x86
		{98399D52-E82C-4037-B50E-EB6DD0F6F356}.Debug|x86.Build.0 = Debug|x86
		{98399D52-E82C-4037-B50E-EB6DD0F6F356}.Debug|x86.Deploy.0 = Debug|x86
		{98399D52-E82C-4037-B50E-EB6DD0F6F356}.Release|Any CPU.ActiveCfg = Release|Any CPU
		{98399D52-E82C-4037-B50E-EB6DD0F6F356}.Release|Any CPU.Build.0 = Release|Any CPU
		{98399D52-E82C-4037-B50E-EB6DD0F6F356}.Release|Any CPU.Deploy.0 = Release|Any CPU
		{98399D52-E82C-4037-B50E-EB6DD0F6F356}.Release|x64.ActiveCfg = Release|x64
		{98399D52-E82C-4037-B50E-EB6DD0F6F356}.Release|x64.Build.0 = Release|x64
		{98399D52-E82C-4037-B50E-EB6DD0F6F356}.Release|x64.Deploy.0 = Release|x64
		{98399D52-E82C-4037-B50E-EB6DD0F6F356}.Release|x86.ActiveCfg = Release|x86
		{98399D52-E82C-4037-B50E-EB6DD0F6F356}.Release|x86.Build.0 = Release|x86
		{98399D52-E82C-4037-B50E-EB6DD0F6F356}.Release|x86.Deploy.0 = Release|x86
	EndGlobalSection
	GlobalSection(SolutionProperties) = preSolution
		HideSolutionNode = FALSE
	EndGlobalSection
	GlobalSection(ExtensibilityGlobals) = postSolution
		SolutionGuid = {2AF260B9-14A2-49DA-BD92-53AEB486F834}
	EndGlobalSection
EndGlobal
