
Microsoft Visual Studio Solution File, Format Version 12.00
# Visual Studio 15
VisualStudioVersion = 15.0.28307.539
MinimumVisualStudioVersion = 10.0.40219.1
Project("{FAE04EC0-301F-11D3-BF4B-00C04F79EFBC}") = "Test_WeatherApp", "Test_WeatherApp\Test_WeatherApp.csproj", "{DBFC16F6-777D-4A36-A653-38DA70FC738A}"
EndProject
Global
	GlobalSection(SolutionConfigurationPlatforms) = preSolution
		Debug|Any CPU = Debug|Any CPU
		Release|Any CPU = Release|Any CPU
	EndGlobalSection
	GlobalSection(ProjectConfigurationPlatforms) = postSolution
		{DBFC16F6-777D-4A36-A653-38DA70FC738A}.Debug|Any CPU.ActiveCfg = Debug|Any CPU
		{DBFC16F6-777D-4A36-A653-38DA70FC738A}.Debug|Any CPU.Build.0 = Debug|Any CPU
		{DBFC16F6-777D-4A36-A653-38DA70FC738A}.Release|Any CPU.ActiveCfg = Release|Any CPU
		{DBFC16F6-777D-4A36-A653-38DA70FC738A}.Release|Any CPU.Build.0 = Release|Any CPU
	EndGlobalSection
	GlobalSection(SolutionProperties) = preSolution
		HideSolutionNode = FALSE
	EndGlobalSection
	GlobalSection(ExtensibilityGlobals) = postSolution
		SolutionGuid = {338A2AF0-78B1-446D-9950-567606E96000}
	EndGlobalSection
EndGlobal
