
Microsoft Visual Studio Solution File, Format Version 12.00
# Visual Studio 15
VisualStudioVersion = 15.0.28307.539
MinimumVisualStudioVersion = 10.0.40219.1
Project("{FAE04EC0-301F-11D3-BF4B-00C04F79EFBC}") = "Lec66_WeatherApp", "Lec66_WeatherApp\Lec66_WeatherApp.csproj", "{E6EDD32B-90D2-475E-BD68-C8D7145057A4}"
EndProject
Global
	GlobalSection(SolutionConfigurationPlatforms) = preSolution
		Debug|Any CPU = Debug|Any CPU
		Release|Any CPU = Release|Any CPU
	EndGlobalSection
	GlobalSection(ProjectConfigurationPlatforms) = postSolution
		{E6EDD32B-90D2-475E-BD68-C8D7145057A4}.Debug|Any CPU.ActiveCfg = Debug|Any CPU
		{E6EDD32B-90D2-475E-BD68-C8D7145057A4}.Debug|Any CPU.Build.0 = Debug|Any CPU
		{E6EDD32B-90D2-475E-BD68-C8D7145057A4}.Release|Any CPU.ActiveCfg = Release|Any CPU
		{E6EDD32B-90D2-475E-BD68-C8D7145057A4}.Release|Any CPU.Build.0 = Release|Any CPU
	EndGlobalSection
	GlobalSection(SolutionProperties) = preSolution
		HideSolutionNode = FALSE
	EndGlobalSection
	GlobalSection(ExtensibilityGlobals) = postSolution
		SolutionGuid = {E958F777-BBFF-4B82-82C1-D475A5296991}
	EndGlobalSection
EndGlobal
